
Microsoft Visual Studio Solution File, Format Version 12.00
# Visual Studio 15
VisualStudioVersion = 15.0.28307.539
MinimumVisualStudioVersion = 10.0.40219.1
Project("{FAE04EC0-301F-11D3-BF4B-00C04F79EFBC}") = "GitDemoApp.Android", "GitDemoApp\GitDemoApp.Android\GitDemoApp.Android.csproj", "{8C32AAFA-4993-4A21-A454-3BAC60AFE802}"
EndProject
Project("{FAE04EC0-301F-11D3-BF4B-00C04F79EFBC}") = "GitDemoApp.iOS", "GitDemoApp\GitDemoApp.iOS\GitDemoApp.iOS.csproj", "{0282F158-67B9-42FD-97C0-F1FEE9A67BE2}"
EndProject
Project("{FAE04EC0-301F-11D3-BF4B-00C04F79EFBC}") = "GitDemoApp.UWP", "GitDemoApp\GitDemoApp.UWP\GitDemoApp.UWP.csproj", "{D254182E-E34B-4B98-BF11-39FB7854F6B0}"
EndProject
Project("{FAE04EC0-301F-11D3-BF4B-00C04F79EFBC}") = "GitDemoApp", "GitDemoApp\GitDemoApp\GitDemoApp.csproj", "{F6E79345-485B-4ADF-A60E-089BBD63FECA}"
EndProject
Global
	GlobalSection(SolutionConfigurationPlatforms) = preSolution
		Ad-Hoc|Any CPU = Ad-Hoc|Any CPU
		Ad-Hoc|ARM = Ad-Hoc|ARM
		Ad-Hoc|iPhone = Ad-Hoc|iPhone
		Ad-Hoc|iPhoneSimulator = Ad-Hoc|iPhoneSimulator
		Ad-Hoc|x64 = Ad-Hoc|x64
		Ad-Hoc|x86 = Ad-Hoc|x86
		AppStore|Any CPU = AppStore|Any CPU
		AppStore|ARM = AppStore|ARM
		AppStore|iPhone = AppStore|iPhone
		AppStore|iPhoneSimulator = AppStore|iPhoneSimulator
		AppStore|x64 = AppStore|x64
		AppStore|x86 = AppStore|x86
		Debug|Any CPU = Debug|Any CPU
		Debug|ARM = Debug|ARM
		Debug|iPhone = Debug|iPhone
		Debug|iPhoneSimulator = Debug|iPhoneSimulator
		Debug|x64 = Debug|x64
		Debug|x86 = Debug|x86
		Release|Any CPU = Release|Any CPU
		Release|ARM = Release|ARM
		Release|iPhone = Release|iPhone
		Release|iPhoneSimulator = Release|iPhoneSimulator
		Release|x64 = Release|x64
		Release|x86 = Release|x86
	EndGlobalSection
	GlobalSection(ProjectConfigurationPlatforms) = postSolution
		{8C32AAFA-4993-4A21-A454-3BAC60AFE802}.Ad-Hoc|Any CPU.ActiveCfg = Release|Any CPU
		{8C32AAFA-4993-4A21-A454-3BAC60AFE802}.Ad-Hoc|Any CPU.Build.0 = Release|Any CPU
		{8C32AAFA-4993-4A21-A454-3BAC60AFE802}.Ad-Hoc|Any CPU.Deploy.0 = Release|Any CPU
		{8C32AAFA-4993-4A21-A454-3BAC60AFE802}.Ad-Hoc|ARM.ActiveCfg = Release|Any CPU
		{8C32AAFA-4993-4A21-A454-3BAC60AFE802}.Ad-Hoc|ARM.Build.0 = Release|Any CPU
		{8C32AAFA-4993-4A21-A454-3BAC60AFE802}.Ad-Hoc|ARM.Deploy.0 = Release|Any CPU
		{8C32AAFA-4993-4A21-A454-3BAC60AFE802}.Ad-Hoc|iPhone.ActiveCfg = Release|Any CPU
		{8C32AAFA-4993-4A21-A454-3BAC60AFE802}.Ad-Hoc|iPhone.Build.0 = Release|Any CPU
		{8C32AAFA-4993-4A21-A454-3BAC60AFE802}.Ad-Hoc|iPhone.Deploy.0 = Release|Any CPU
		{8C32AAFA-4993-4A21-A454-3BAC60AFE802}.Ad-Hoc|iPhoneSimulator.ActiveCfg = Release|Any CPU
		{8C32AAFA-4993-4A21-A454-3BAC60AFE802}.Ad-Hoc|iPhoneSimulator.Build.0 = Release|Any CPU
		{8C32AAFA-4993-4A21-A454-3BAC60AFE802}.Ad-Hoc|iPhoneSimulator.Deploy.0 = Release|Any CPU
		{8C32AAFA-4993-4A21-A454-3BAC60AFE802}.Ad-Hoc|x64.ActiveCfg = Release|Any CPU
		{8C32AAFA-4993-4A21-A454-3BAC60AFE802}.Ad-Hoc|x64.Build.0 = Release|Any CPU
		{8C32AAFA-4993-4A21-A454-3BAC60AFE802}.Ad-Hoc|x64.Deploy.0 = Release|Any CPU
		{8C32AAFA-4993-4A21-A454-3BAC60AFE802}.Ad-Hoc|x86.ActiveCfg = Release|Any CPU
		{8C32AAFA-4993-4A21-A454-3BAC60AFE802}.Ad-Hoc|x86.Build.0 = Release|Any CPU
		{8C32AAFA-4993-4A21-A454-3BAC60AFE802}.Ad-Hoc|x86.Deploy.0 = Release|Any CPU
		{8C32AAFA-4993-4A21-A454-3BAC60AFE802}.AppStore|Any CPU.ActiveCfg = Release|Any CPU
		{8C32AAFA-4993-4A21-A454-3BAC60AFE802}.AppStore|Any CPU.Build.0 = Release|Any CPU
		{8C32AAFA-4993-4A21-A454-3BAC60AFE802}.AppStore|Any CPU.Deploy.0 = Release|Any CPU
		{8C32AAFA-4993-4A21-A454-3BAC60AFE802}.AppStore|ARM.ActiveCfg = Release|Any CPU
		{8C32AAFA-4993-4A21-A454-3BAC60AFE802}.AppStore|ARM.Build.0 = Release|Any CPU
		{8C32AAFA-4993-4A21-A454-3BAC60AFE802}.AppStore|ARM.Deploy.0 = Release|Any CPU
		{8C32AAFA-4993-4A21-A454-3BAC60AFE802}.AppStore|iPhone.ActiveCfg = Release|Any CPU
		{8C32AAFA-4993-4A21-A454-3BAC60AFE802}.AppStore|iPhone.Build.0 = Release|Any CPU
		{8C32AAFA-4993-4A21-A454-3BAC60AFE802}.AppStore|iPhone.Deploy.0 = Release|Any CPU
		{8C32AAFA-4993-4A21-A454-3BAC60AFE802}.AppStore|iPhoneSimulator.ActiveCfg = Release|Any CPU
		{8C32AAFA-4993-4A21-A454-3BAC60AFE802}.AppStore|iPhoneSimulator.Build.0 = Release|Any CPU
		{8C32AAFA-4993-4A21-A454-3BAC60AFE802}.AppStore|iPhoneSimulator.Deploy.0 = Release|Any CPU
		{8C32AAFA-4993-4A21-A454-3BAC60AFE802}.AppStore|x64.ActiveCfg = Release|Any CPU
		{8C32AAFA-4993-4A21-A454-3BAC60AFE802}.AppStore|x64.Build.0 = Release|Any CPU
		{8C32AAFA-4993-4A21-A454-3BAC60AFE802}.AppStore|x64.Deploy.0 = Release|Any CPU
		{8C32AAFA-4993-4A21-A454-3BAC60AFE802}.AppStore|x86.ActiveCfg = Release|Any CPU
		{8C32AAFA-4993-4A21-A454-3BAC60AFE802}.AppStore|x86.Build.0 = Release|Any CPU
		{8C32AAFA-4993-4A21-A454-3BAC60AFE802}.AppStore|x86.Deploy.0 = Release|Any CPU
		{8C32AAFA-4993-4A21-A454-3BAC60AFE802}.Debug|Any CPU.ActiveCfg = Debug|Any CPU
		{8C32AAFA-4993-4A21-A454-3BAC60AFE802}.Debug|Any CPU.Build.0 = Debug|Any CPU
		{8C32AAFA-4993-4A21-A454-3BAC60AFE802}.Debug|Any CPU.Deploy.0 = Debug|Any CPU
		{8C32AAFA-4993-4A21-A454-3BAC60AFE802}.Debug|ARM.ActiveCfg = Debug|Any CPU
		{8C32AAFA-4993-4A21-A454-3BAC60AFE802}.Debug|ARM.Build.0 = Debug|Any CPU
		{8C32AAFA-4993-4A21-A454-3BAC60AFE802}.Debug|ARM.Deploy.0 = Debug|Any CPU
		{8C32AAFA-4993-4A21-A454-3BAC60AFE802}.Debug|iPhone.ActiveCfg = Debug|Any CPU
		{8C32AAFA-4993-4A21-A454-3BAC60AFE802}.Debug|iPhone.Build.0 = Debug|Any CPU
		{8C32AAFA-4993-4A21-A454-3BAC60AFE802}.Debug|iPhone.Deploy.0 = Debug|Any CPU
		{8C32AAFA-4993-4A21-A454-3BAC60AFE802}.Debug|iPhoneSimulator.ActiveCfg = Debug|Any CPU
		{8C32AAFA-4993-4A21-A454-3BAC60AFE802}.Debug|iPhoneSimulator.Build.0 = Debug|Any CPU
		{8C32AAFA-4993-4A21-A454-3BAC60AFE802}.Debug|iPhoneSimulator.Deploy.0 = Debug|Any CPU
		{8C32AAFA-4993-4A21-A454-3BAC60AFE802}.Debug|x64.ActiveCfg = Debug|Any CPU
		{8C32AAFA-4993-4A21-A454-3BAC60AFE802}.Debug|x64.Build.0 = Debug|Any CPU
		{8C32AAFA-4993-4A21-A454-3BAC60AFE802}.Debug|x64.Deploy.0 = Debug|Any CPU
		{8C32AAFA-4993-4A21-A454-3BAC60AFE802}.Debug|x86.ActiveCfg = Debug|Any CPU
		{8C32AAFA-4993-4A21-A454-3BAC60AFE802}.Debug|x86.Build.0 = Debug|Any CPU
		{8C32AAFA-4993-4A21-A454-3BAC60AFE802}.Debug|x86.Deploy.0 = Debug|Any CPU
		{8C32AAFA-4993-4A21-A454-3BAC60AFE802}.Release|Any CPU.ActiveCfg = Release|Any CPU
		{8C32AAFA-4993-4A21-A454-3BAC60AFE802}.Release|Any CPU.Build.0 = Release|Any CPU
		{8C32AAFA-4993-4A21-A454-3BAC60AFE802}.Release|Any CPU.Deploy.0 = Release|Any CPU
		{8C32AAFA-4993-4A21-A454-3BAC60AFE802}.Release|ARM.ActiveCfg = Release|Any CPU
		{8C32AAFA-4993-4A21-A454-3BAC60AFE802}.Release|ARM.Build.0 = Release|Any CPU
		{8C32AAFA-4993-4A21-A454-3BAC60AFE802}.Release|ARM.Deploy.0 = Release|Any CPU
		{8C32AAFA-4993-4A21-A454-3BAC60AFE802}.Release|iPhone.ActiveCfg = Release|Any CPU
		{8C32AAFA-4993-4A21-A454-3BAC60AFE802}.Release|iPhone.Build.0 = Release|Any CPU
		{8C32AAFA-4993-4A21-A454-3BAC60AFE802}.Release|iPhone.Deploy.0 = Release|Any CPU
		{8C32AAFA-4993-4A21-A454-3BAC60AFE802}.Release|iPhoneSimulator.ActiveCfg = Release|Any CPU
		{8C32AAFA-4993-4A21-A454-3BAC60AFE802}.Release|iPhoneSimulator.Build.0 = Release|Any CPU
		{8C32AAFA-4993-4A21-A454-3BAC60AFE802}.Release|iPhoneSimulator.Deploy.0 = Release|Any CPU
		{8C32AAFA-4993-4A21-A454-3BAC60AFE802}.Release|x64.ActiveCfg = Release|Any CPU
		{8C32AAFA-4993-4A21-A454-3BAC60AFE802}.Release|x64.Build.0 = Release|Any CPU
		{8C32AAFA-4993-4A21-A454-3BAC60AFE802}.Release|x64.Deploy.0 = Release|Any CPU
		{8C32AAFA-4993-4A21-A454-3BAC60AFE802}.Release|x86.ActiveCfg = Release|Any CPU
		{8C32AAFA-4993-4A21-A454-3BAC60AFE802}.Release|x86.Build.0 = Release|Any CPU
		{8C32AAFA-4993-4A21-A454-3BAC60AFE802}.Release|x86.Deploy.0 = Release|Any CPU
		{0282F158-67B9-42FD-97C0-F1FEE9A67BE2}.Ad-Hoc|Any CPU.ActiveCfg = Ad-Hoc|iPhone
		{0282F158-67B9-42FD-97C0-F1FEE9A67BE2}.Ad-Hoc|Any CPU.Build.0 = Ad-Hoc|iPhone
		{0282F158-67B9-42FD-97C0-F1FEE9A67BE2}.Ad-Hoc|Any CPU.Deploy.0 = Ad-Hoc|iPhone
		{0282F158-67B9-42FD-97C0-F1FEE9A67BE2}.Ad-Hoc|ARM.ActiveCfg = Ad-Hoc|iPhone
		{0282F158-67B9-42FD-97C0-F1FEE9A67BE2}.Ad-Hoc|ARM.Build.0 = Ad-Hoc|iPhone
		{0282F158-67B9-42FD-97C0-F1FEE9A67BE2}.Ad-Hoc|ARM.Deploy.0 = Ad-Hoc|iPhone
		{0282F158-67B9-42FD-97C0-F1FEE9A67BE2}.Ad-Hoc|iPhone.ActiveCfg = Ad-Hoc|iPhone
		{0282F158-67B9-42FD-97C0-F1FEE9A67BE2}.Ad-Hoc|iPhone.Build.0 = Ad-Hoc|iPhone
		{0282F158-67B9-42FD-97C0-F1FEE9A67BE2}.Ad-Hoc|iPhone.Deploy.0 = Ad-Hoc|iPhone
		{0282F158-67B9-42FD-97C0-F1FEE9A67BE2}.Ad-Hoc|iPhoneSimulator.ActiveCfg = Ad-Hoc|iPhoneSimulator
		{0282F158-67B9-42FD-97C0-F1FEE9A67BE2}.Ad-Hoc|iPhoneSimulator.Build.0 = Ad-Hoc|iPhoneSimulator
		{0282F158-67B9-42FD-97C0-F1FEE9A67BE2}.Ad-Hoc|iPhoneSimulator.Deploy.0 = Ad-Hoc|iPhoneSimulator
		{0282F158-67B9-42FD-97C0-F1FEE9A67BE2}.Ad-Hoc|x64.ActiveCfg = Ad-Hoc|iPhone
		{0282F158-67B9-42FD-97C0-F1FEE9A67BE2}.Ad-Hoc|x64.Build.0 = Ad-Hoc|iPhone
		{0282F158-67B9-42FD-97C0-F1FEE9A67BE2}.Ad-Hoc|x64.Deploy.0 = Ad-Hoc|iPhone
		{0282F158-67B9-42FD-97C0-F1FEE9A67BE2}.Ad-Hoc|x86.ActiveCfg = Ad-Hoc|iPhone
		{0282F158-67B9-42FD-97C0-F1FEE9A67BE2}.Ad-Hoc|x86.Build.0 = Ad-Hoc|iPhone
		{0282F158-67B9-42FD-97C0-F1FEE9A67BE2}.Ad-Hoc|x86.Deploy.0 = Ad-Hoc|iPhone
		{0282F158-67B9-42FD-97C0-F1FEE9A67BE2}.AppStore|Any CPU.ActiveCfg = AppStore|iPhone
		{0282F158-67B9-42FD-97C0-F1FEE9A67BE2}.AppStore|Any CPU.Build.0 = AppStore|iPhone
		{0282F158-67B9-42FD-97C0-F1FEE9A67BE2}.AppStore|Any CPU.Deploy.0 = AppStore|iPhone
		{0282F158-67B9-42FD-97C0-F1FEE9A67BE2}.AppStore|ARM.ActiveCfg = AppStore|iPhone
		{0282F158-67B9-42FD-97C0-F1FEE9A67BE2}.AppStore|ARM.Build.0 = AppStore|iPhone
		{0282F158-67B9-42FD-97C0-F1FEE9A67BE2}.AppStore|ARM.Deploy.0 = AppStore|iPhone
		{0282F158-67B9-42FD-97C0-F1FEE9A67BE2}.AppStore|iPhone.ActiveCfg = AppStore|iPhone
		{0282F158-67B9-42FD-97C0-F1FEE9A67BE2}.AppStore|iPhone.Build.0 = AppStore|iPhone
		{0282F158-67B9-42FD-97C0-F1FEE9A67BE2}.AppStore|iPhone.Deploy.0 = AppStore|iPhone
		{0282F158-67B9-42FD-97C0-F1FEE9A67BE2}.AppStore|iPhoneSimulator.ActiveCfg = AppStore|iPhoneSimulator
		{0282F158-67B9-42FD-97C0-F1FEE9A67BE2}.AppStore|iPhoneSimulator.Build.0 = AppStore|iPhoneSimulator
		{0282F158-67B9-42FD-97C0-F1FEE9A67BE2}.AppStore|iPhoneSimulator.Deploy.0 = AppStore|iPhoneSimulator
		{0282F158-67B9-42FD-97C0-F1FEE9A67BE2}.AppStore|x64.ActiveCfg = AppStore|iPhone
		{0282F158-67B9-42FD-97C0-F1FEE9A67BE2}.AppStore|x64.Build.0 = AppStore|iPhone
		{0282F158-67B9-42FD-97C0-F1FEE9A67BE2}.AppStore|x64.Deploy.0 = AppStore|iPhone
		{0282F158-67B9-42FD-97C0-F1FEE9A67BE2}.AppStore|x86.ActiveCfg = AppStore|iPhone
		{0282F158-67B9-42FD-97C0-F1FEE9A67BE2}.AppStore|x86.Build.0 = AppStore|iPhone
		{0282F158-67B9-42FD-97C0-F1FEE9A67BE2}.AppStore|x86.Deploy.0 = AppStore|iPhone
		{0282F158-67B9-42FD-97C0-F1FEE9A67BE2}.Debug|Any CPU.ActiveCfg = Debug|iPhoneSimulator
		{0282F158-67B9-42FD-97C0-F1FEE9A67BE2}.Debug|Any CPU.Build.0 = Debug|iPhoneSimulator
		{0282F158-67B9-42FD-97C0-F1FEE9A67BE2}.Debug|Any CPU.Deploy.0 = Debug|iPhoneSimulator
		{0282F158-67B9-42FD-97C0-F1FEE9A67BE2}.Debug|ARM.ActiveCfg = Debug|iPhone
		{0282F158-67B9-42FD-97C0-F1FEE9A67BE2}.Debug|ARM.Build.0 = Debug|iPhone
		{0282F158-67B9-42FD-97C0-F1FEE9A67BE2}.Debug|ARM.Deploy.0 = Debug|iPhone
		{0282F158-67B9-42FD-97C0-F1FEE9A67BE2}.Debug|iPhone.ActiveCfg = Debug|iPhone
		{0282F158-67B9-42FD-97C0-F1FEE9A67BE2}.Debug|iPhone.Build.0 = Debug|iPhone
		{0282F158-67B9-42FD-97C0-F1FEE9A67BE2}.Debug|iPhone.Deploy.0 = Debug|iPhone
		{0282F158-67B9-42FD-97C0-F1FEE9A67BE2}.Debug|iPhoneSimulator.ActiveCfg = Debug|iPhoneSimulator
		{0282F158-67B9-42FD-97C0-F1FEE9A67BE2}.Debug|iPhoneSimulator.Build.0 = Debug|iPhoneSimulator
		{0282F158-67B9-42FD-97C0-F1FEE9A67BE2}.Debug|iPhoneSimulator.Deploy.0 = Debug|iPhoneSimulator
		{0282F158-67B9-42FD-97C0-F1FEE9A67BE2}.Debug|x64.ActiveCfg = Debug|iPhone
		{0282F158-67B9-42FD-97C0-F1FEE9A67BE2}.Debug|x64.Build.0 = Debug|iPhone
		{0282F158-67B9-42FD-97C0-F1FEE9A67BE2}.Debug|x64.Deploy.0 = Debug|iPhone
		{0282F158-67B9-42FD-97C0-F1FEE9A67BE2}.Debug|x86.ActiveCfg = Debug|iPhone
		{0282F158-67B9-42FD-97C0-F1FEE9A67BE2}.Debug|x86.Build.0 = Debug|iPhone
		{0282F158-67B9-42FD-97C0-F1FEE9A67BE2}.Debug|x86.Deploy.0 = Debug|iPhone
		{0282F158-67B9-42FD-97C0-F1FEE9A67BE2}.Release|Any CPU.ActiveCfg = Release|iPhone
		{0282F158-67B9-42FD-97C0-F1FEE9A67BE2}.Release|Any CPU.Build.0 = Release|iPhone
		{0282F158-67B9-42FD-97C0-F1FEE9A67BE2}.Release|Any CPU.Deploy.0 = Release|iPhone
		{0282F158-67B9-42FD-97C0-F1FEE9A67BE2}.Release|ARM.ActiveCfg = Release|iPhone
		{0282F158-67B9-42FD-97C0-F1FEE9A67BE2}.Release|ARM.Build.0 = Release|iPhone
		{0282F158-67B9-42FD-97C0-F1FEE9A67BE2}.Release|ARM.Deploy.0 = Release|iPhone
		{0282F158-67B9-42FD-97C0-F1FEE9A67BE2}.Release|iPhone.ActiveCfg = Release|iPhone
		{0282F158-67B9-42FD-97C0-F1FEE9A67BE2}.Release|iPhone.Build.0 = Release|iPhone
		{0282F158-67B9-42FD-97C0-F1FEE9A67BE2}.Release|iPhone.Deploy.0 = Release|iPhone
		{0282F158-67B9-42FD-97C0-F1FEE9A67BE2}.Release|iPhoneSimulator.ActiveCfg = Release|iPhoneSimulator
		{0282F158-67B9-42FD-97C0-F1FEE9A67BE2}.Release|iPhoneSimulator.Build.0 = Release|iPhoneSimulator
		{0282F158-67B9-42FD-97C0-F1FEE9A67BE2}.Release|iPhoneSimulator.Deploy.0 = Release|iPhoneSimulator
		{0282F158-67B9-42FD-97C0-F1FEE9A67BE2}.Release|x64.ActiveCfg = Release|iPhone
		{0282F158-67B9-42FD-97C0-F1FEE9A67BE2}.Release|x64.Build.0 = Release|iPhone
		{0282F158-67B9-42FD-97C0-F1FEE9A67BE2}.Release|x64.Deploy.0 = Release|iPhone
		{0282F158-67B9-42FD-97C0-F1FEE9A67BE2}.Release|x86.ActiveCfg = Release|iPhone
		{0282F158-67B9-42FD-97C0-F1FEE9A67BE2}.Release|x86.Build.0 = Release|iPhone
		{0282F158-67B9-42FD-97C0-F1FEE9A67BE2}.Release|x86.Deploy.0 = Release|iPhone
		{D254182E-E34B-4B98-BF11-39FB7854F6B0}.Ad-Hoc|Any CPU.ActiveCfg = Release|x86
		{D254182E-E34B-4B98-BF11-39FB7854F6B0}.Ad-Hoc|Any CPU.Build.0 = Release|x86
		{D254182E-E34B-4B98-BF11-39FB7854F6B0}.Ad-Hoc|Any CPU.Deploy.0 = Release|x86
		{D254182E-E34B-4B98-BF11-39FB7854F6B0}.Ad-Hoc|ARM.ActiveCfg = Release|ARM
		{D254182E-E34B-4B98-BF11-39FB7854F6B0}.Ad-Hoc|ARM.Build.0 = Release|ARM
		{D254182E-E34B-4B98-BF11-39FB7854F6B0}.Ad-Hoc|ARM.Deploy.0 = Release|ARM
		{D254182E-E34B-4B98-BF11-39FB7854F6B0}.Ad-Hoc|iPhone.ActiveCfg = Release|x86
		{D254182E-E34B-4B98-BF11-39FB7854F6B0}.Ad-Hoc|iPhone.Build.0 = Release|x86
		{D254182E-E34B-4B98-BF11-39FB7854F6B0}.Ad-Hoc|iPhone.Deploy.0 = Release|x86
		{D254182E-E34B-4B98-BF11-39FB7854F6B0}.Ad-Hoc|iPhoneSimulator.ActiveCfg = Release|x86
		{D254182E-E34B-4B98-BF11-39FB7854F6B0}.Ad-Hoc|iPhoneSimulator.Build.0 = Release|x86
		{D254182E-E34B-4B98-BF11-39FB7854F6B0}.Ad-Hoc|iPhoneSimulator.Deploy.0 = Release|x86
		{D254182E-E34B-4B98-BF11-39FB7854F6B0}.Ad-Hoc|x64.ActiveCfg = Release|x64
		{D254182E-E34B-4B98-BF11-39FB7854F6B0}.Ad-Hoc|x64.Build.0 = Release|x64
		{D254182E-E34B-4B98-BF11-39FB7854F6B0}.Ad-Hoc|x64.Deploy.0 = Release|x64
		{D254182E-E34B-4B98-BF11-39FB7854F6B0}.Ad-Hoc|x86.ActiveCfg = Release|x86
		{D254182E-E34B-4B98-BF11-39FB7854F6B0}.Ad-Hoc|x86.Build.0 = Release|x86
		{D254182E-E34B-4B98-BF11-39FB7854F6B0}.Ad-Hoc|x86.Deploy.0 = Release|x86
		{D254182E-E34B-4B98-BF11-39FB7854F6B0}.AppStore|Any CPU.ActiveCfg = Release|x86
		{D254182E-E34B-4B98-BF11-39FB7854F6B0}.AppStore|Any CPU.Build.0 = Release|x86
		{D254182E-E34B-4B98-BF11-39FB7854F6B0}.AppStore|Any CPU.Deploy.0 = Release|x86
		{D254182E-E34B-4B98-BF11-39FB7854F6B0}.AppStore|ARM.ActiveCfg = Release|ARM
		{D254182E-E34B-4B98-BF11-39FB7854F6B0}.AppStore|ARM.Build.0 = Release|ARM
		{D254182E-E34B-4B98-BF11-39FB7854F6B0}.AppStore|ARM.Deploy.0 = Release|ARM
		{D254182E-E34B-4B98-BF11-39FB7854F6B0}.AppStore|iPhone.ActiveCfg = Release|x86
		{D254182E-E34B-4B98-BF11-39FB7854F6B0}.AppStore|iPhone.Build.0 = Release|x86
		{D254182E-E34B-4B98-BF11-39FB7854F6B0}.AppStore|iPhone.Deploy.0 = Release|x86
		{D254182E-E34B-4B98-BF11-39FB7854F6B0}.AppStore|iPhoneSimulator.ActiveCfg = Release|x86
		{D254182E-E34B-4B98-BF11-39FB7854F6B0}.AppStore|iPhoneSimulator.Build.0 = Release|x86
		{D254182E-E34B-4B98-BF11-39FB7854F6B0}.AppStore|iPhoneSimulator.Deploy.0 = Release|x86
		{D254182E-E34B-4B98-BF11-39FB7854F6B0}.AppStore|x64.ActiveCfg = Release|x64
		{D254182E-E34B-4B98-BF11-39FB7854F6B0}.AppStore|x64.Build.0 = Release|x64
		{D254182E-E34B-4B98-BF11-39FB7854F6B0}.AppStore|x64.Deploy.0 = Release|x64
		{D254182E-E34B-4B98-BF11-39FB7854F6B0}.AppStore|x86.ActiveCfg = Release|x86
		{D254182E-E34B-4B98-BF11-39FB7854F6B0}.AppStore|x86.Build.0 = Release|x86
		{D254182E-E34B-4B98-BF11-39FB7854F6B0}.AppStore|x86.Deploy.0 = Release|x86
		{D254182E-E34B-4B98-BF11-39FB7854F6B0}.Debug|Any CPU.ActiveCfg = Debug|x86
		{D254182E-E34B-4B98-BF11-39FB7854F6B0}.Debug|Any CPU.Build.0 = Debug|x86
		{D254182E-E34B-4B98-BF11-39FB7854F6B0}.Debug|Any CPU.Deploy.0 = Debug|x86
		{D254182E-E34B-4B98-BF11-39FB7854F6B0}.Debug|ARM.ActiveCfg = Debug|ARM
		{D254182E-E34B-4B98-BF11-39FB7854F6B0}.Debug|ARM.Build.0 = Debug|ARM
		{D254182E-E34B-4B98-BF11-39FB7854F6B0}.Debug|ARM.Deploy.0 = Debug|ARM
		{D254182E-E34B-4B98-BF11-39FB7854F6B0}.Debug|iPhone.ActiveCfg = Debug|x86
		{D254182E-E34B-4B98-BF11-39FB7854F6B0}.Debug|iPhone.Build.0 = Debug|x86
		{D254182E-E34B-4B98-BF11-39FB7854F6B0}.Debug|iPhone.Deploy.0 = Debug|x86
		{D254182E-E34B-4B98-BF11-39FB7854F6B0}.Debug|iPhoneSimulator.ActiveCfg = Debug|x86
		{D254182E-E34B-4B98-BF11-39FB7854F6B0}.Debug|iPhoneSimulator.Build.0 = Debug|x86
		{D254182E-E34B-4B98-BF11-39FB7854F6B0}.Debug|iPhoneSimulator.Deploy.0 = Debug|x86
		{D254182E-E34B-4B98-BF11-39FB7854F6B0}.Debug|x64.ActiveCfg = Debug|x64
		{D254182E-E34B-4B98-BF11-39FB7854F6B0}.Debug|x64.Build.0 = Debug|x64
		{D254182E-E34B-4B98-BF11-39FB7854F6B0}.Debug|x64.Deploy.0 = Debug|x64
		{D254182E-E34B-4B98-BF11-39FB7854F6B0}.Debug|x86.ActiveCfg = Debug|x86
		{D254182E-E34B-4B98-BF11-39FB7854F6B0}.Debug|x86.Build.0 = Debug|x86
		{D254182E-E34B-4B98-BF11-39FB7854F6B0}.Debug|x86.Deploy.0 = Debug|x86
		{D254182E-E34B-4B98-BF11-39FB7854F6B0}.Release|Any CPU.ActiveCfg = Release|x86
		{D254182E-E34B-4B98-BF11-39FB7854F6B0}.Release|Any CPU.Build.0 = Release|x86
		{D254182E-E34B-4B98-BF11-39FB7854F6B0}.Release|Any CPU.Deploy.0 = Release|x86
		{D254182E-E34B-4B98-BF11-39FB7854F6B0}.Release|ARM.ActiveCfg = Release|ARM
		{D254182E-E34B-4B98-BF11-39FB7854F6B0}.Release|ARM.Build.0 = Release|ARM
		{D254182E-E34B-4B98-BF11-39FB7854F6B0}.Release|ARM.Deploy.0 = Release|ARM
		{D254182E-E34B-4B98-BF11-39FB7854F6B0}.Release|iPhone.ActiveCfg = Release|x86
		{D254182E-E34B-4B98-BF11-39FB7854F6B0}.Release|iPhone.Build.0 = Release|x86
		{D254182E-E34B-4B98-BF11-39FB7854F6B0}.Release|iPhone.Deploy.0 = Release|x86
		{D254182E-E34B-4B98-BF11-39FB7854F6B0}.Release|iPhoneSimulator.ActiveCfg = Release|x86
		{D254182E-E34B-4B98-BF11-39FB7854F6B0}.Release|iPhoneSimulator.Build.0 = Release|x86
		{D254182E-E34B-4B98-BF11-39FB7854F6B0}.Release|iPhoneSimulator.Deploy.0 = Release|x86
		{D254182E-E34B-4B98-BF11-39FB7854F6B0}.Release|x64.ActiveCfg = Release|x64
		{D254182E-E34B-4B98-BF11-39FB7854F6B0}.Release|x64.Build.0 = Release|x64
		{D254182E-E34B-4B98-BF11-39FB7854F6B0}.Release|x64.Deploy.0 = Release|x64
		{D254182E-E34B-4B98-BF11-39FB7854F6B0}.Release|x86.ActiveCfg = Release|x86
		{D254182E-E34B-4B98-BF11-39FB7854F6B0}.Release|x86.Build.0 = Release|x86
		{D254182E-E34B-4B98-BF11-39FB7854F6B0}.Release|x86.Deploy.0 = Release|x86
		{F6E79345-485B-4ADF-A60E-089BBD63FECA}.Ad-Hoc|Any CPU.ActiveCfg = Debug|Any CPU
		{F6E79345-485B-4ADF-A60E-089BBD63FECA}.Ad-Hoc|Any CPU.Build.0 = Debug|Any CPU
		{F6E79345-485B-4ADF-A60E-089BBD63FECA}.Ad-Hoc|Any CPU.Deploy.0 = Debug|Any CPU
		{F6E79345-485B-4ADF-A60E-089BBD63FECA}.Ad-Hoc|ARM.ActiveCfg = Debug|Any CPU
		{F6E79345-485B-4ADF-A60E-089BBD63FECA}.Ad-Hoc|ARM.Build.0 = Debug|Any CPU
		{F6E79345-485B-4ADF-A60E-089BBD63FECA}.Ad-Hoc|ARM.Deploy.0 = Debug|Any CPU
		{F6E79345-485B-4ADF-A60E-089BBD63FECA}.Ad-Hoc|iPhone.ActiveCfg = Debug|Any CPU
		{F6E79345-485B-4ADF-A60E-089BBD63FECA}.Ad-Hoc|iPhone.Build.0 = Debug|Any CPU
		{F6E79345-485B-4ADF-A60E-089BBD63FECA}.Ad-Hoc|iPhone.Deploy.0 = Debug|Any CPU
		{F6E79345-485B-4ADF-A60E-089BBD63FECA}.Ad-Hoc|iPhoneSimulator.ActiveCfg = Debug|Any CPU
		{F6E79345-485B-4ADF-A60E-089BBD63FECA}.Ad-Hoc|iPhoneSimulator.Build.0 = Debug|Any CPU
		{F6E79345-485B-4ADF-A60E-089BBD63FECA}.Ad-Hoc|iPhoneSimulator.Deploy.0 = Debug|Any CPU
		{F6E79345-485B-4ADF-A60E-089BBD63FECA}.Ad-Hoc|x64.ActiveCfg = Debug|Any CPU
		{F6E79345-485B-4ADF-A60E-089BBD63FECA}.Ad-Hoc|x64.Build.0 = Debug|Any CPU
		{F6E79345-485B-4ADF-A60E-089BBD63FECA}.Ad-Hoc|x64.Deploy.0 = Debug|Any CPU
		{F6E79345-485B-4ADF-A60E-089BBD63FECA}.Ad-Hoc|x86.ActiveCfg = Debug|Any CPU
		{F6E79345-485B-4ADF-A60E-089BBD63FECA}.Ad-Hoc|x86.Build.0 = Debug|Any CPU
		{F6E79345-485B-4ADF-A60E-089BBD63FECA}.Ad-Hoc|x86.Deploy.0 = Debug|Any CPU
		{F6E79345-485B-4ADF-A60E-089BBD63FECA}.AppStore|Any CPU.ActiveCfg = Debug|Any CPU
		{F6E79345-485B-4ADF-A60E-089BBD63FECA}.AppStore|Any CPU.Build.0 = Debug|Any CPU
		{F6E79345-485B-4ADF-A60E-089BBD63FECA}.AppStore|Any CPU.Deploy.0 = Debug|Any CPU
		{F6E79345-485B-4ADF-A60E-089BBD63FECA}.AppStore|ARM.ActiveCfg = Debug|Any CPU
		{F6E79345-485B-4ADF-A60E-089BBD63FECA}.AppStore|ARM.Build.0 = Debug|Any CPU
		{F6E79345-485B-4ADF-A60E-089BBD63FECA}.AppStore|ARM.Deploy.0 = Debug|Any CPU
		{F6E79345-485B-4ADF-A60E-089BBD63FECA}.AppStore|iPhone.ActiveCfg = Debug|Any CPU
		{F6E79345-485B-4ADF-A60E-089BBD63FECA}.AppStore|iPhone.Build.0 = Debug|Any CPU
		{F6E79345-485B-4ADF-A60E-089BBD63FECA}.AppStore|iPhone.Deploy.0 = Debug|Any CPU
		{F6E79345-485B-4ADF-A60E-089BBD63FECA}.AppStore|iPhoneSimulator.ActiveCfg = Debug|Any CPU
		{F6E79345-485B-4ADF-A60E-089BBD63FECA}.AppStore|iPhoneSimulator.Build.0 = Debug|Any CPU
		{F6E79345-485B-4ADF-A60E-089BBD63FECA}.AppStore|iPhoneSimulator.Deploy.0 = Debug|Any CPU
		{F6E79345-485B-4ADF-A60E-089BBD63FECA}.AppStore|x64.ActiveCfg = Debug|Any CPU
		{F6E79345-485B-4ADF-A60E-089BBD63FECA}.AppStore|x64.Build.0 = Debug|Any CPU
		{F6E79345-485B-4ADF-A60E-089BBD63FECA}.AppStore|x64.Deploy.0 = Debug|Any CPU
		{F6E79345-485B-4ADF-A60E-089BBD63FECA}.AppStore|x86.ActiveCfg = Debug|Any CPU
		{F6E79345-485B-4ADF-A60E-089BBD63FECA}.AppStore|x86.Build.0 = Debug|Any CPU
		{F6E79345-485B-4ADF-A60E-089BBD63FECA}.AppStore|x86.Deploy.0 = Debug|Any CPU
		{F6E79345-485B-4ADF-A60E-089BBD63FECA}.Debug|Any CPU.ActiveCfg = Debug|Any CPU
		{F6E79345-485B-4ADF-A60E-089BBD63FECA}.Debug|Any CPU.Build.0 = Debug|Any CPU
		{F6E79345-485B-4ADF-A60E-089BBD63FECA}.Debug|Any CPU.Deploy.0 = Debug|Any CPU
		{F6E79345-485B-4ADF-A60E-089BBD63FECA}.Debug|ARM.ActiveCfg = Debug|Any CPU
		{F6E79345-485B-4ADF-A60E-089BBD63FECA}.Debug|ARM.Build.0 = Debug|Any CPU
		{F6E79345-485B-4ADF-A60E-089BBD63FECA}.Debug|ARM.Deploy.0 = Debug|Any CPU
		{F6E79345-485B-4ADF-A60E-089BBD63FECA}.Debug|iPhone.ActiveCfg = Debug|Any CPU
		{F6E79345-485B-4ADF-A60E-089BBD63FECA}.Debug|iPhone.Build.0 = Debug|Any CPU
		{F6E79345-485B-4ADF-A60E-089BBD63FECA}.Debug|iPhone.Deploy.0 = Debug|Any CPU
		{F6E79345-485B-4ADF-A60E-089BBD63FECA}.Debug|iPhoneSimulator.ActiveCfg = Debug|Any CPU
		{F6E79345-485B-4ADF-A60E-089BBD63FECA}.Debug|iPhoneSimulator.Build.0 = Debug|Any CPU
		{F6E79345-485B-4ADF-A60E-089BBD63FECA}.Debug|iPhoneSimulator.Deploy.0 = Debug|Any CPU
		{F6E79345-485B-4ADF-A60E-089BBD63FECA}.Debug|x64.ActiveCfg = Debug|Any CPU
		{F6E79345-485B-4ADF-A60E-089BBD63FECA}.Debug|x64.Build.0 = Debug|Any CPU
		{F6E79345-485B-4ADF-A60E-089BBD63FECA}.Debug|x64.Deploy.0 = Debug|Any CPU
		{F6E79345-485B-4ADF-A60E-089BBD63FECA}.Debug|x86.ActiveCfg = Debug|Any CPU
		{F6E79345-485B-4ADF-A60E-089BBD63FECA}.Debug|x86.Build.0 = Debug|Any CPU
		{F6E79345-485B-4ADF-A60E-089BBD63FECA}.Debug|x86.Deploy.0 = Debug|Any CPU
		{F6E79345-485B-4ADF-A60E-089BBD63FECA}.Release|Any CPU.ActiveCfg = Release|Any CPU
		{F6E79345-485B-4ADF-A60E-089BBD63FECA}.Release|Any CPU.Build.0 = Release|Any CPU
		{F6E79345-485B-4ADF-A60E-089BBD63FECA}.Release|Any CPU.Deploy.0 = Release|Any CPU
		{F6E79345-485B-4ADF-A60E-089BBD63FECA}.Release|ARM.ActiveCfg = Release|Any CPU
		{F6E79345-485B-4ADF-A60E-089BBD63FECA}.Release|ARM.Build.0 = Release|Any CPU
		{F6E79345-485B-4ADF-A60E-089BBD63FECA}.Release|ARM.Deploy.0 = Release|Any CPU
		{F6E79345-485B-4ADF-A60E-089BBD63FECA}.Release|iPhone.ActiveCfg = Release|Any CPU
		{F6E79345-485B-4ADF-A60E-089BBD63FECA}.Release|iPhone.Build.0 = Release|Any CPU
		{F6E79345-485B-4ADF-A60E-089BBD63FECA}.Release|iPhone.Deploy.0 = Release|Any CPU
		{F6E79345-485B-4ADF-A60E-089BBD63FECA}.Release|iPhoneSimulator.ActiveCfg = Release|Any CPU
		{F6E79345-485B-4ADF-A60E-089BBD63FECA}.Release|iPhoneSimulator.Build.0 = Release|Any CPU
		{F6E79345-485B-4ADF-A60E-089BBD63FECA}.Release|iPhoneSimulator.Deploy.0 = Release|Any CPU
		{F6E79345-485B-4ADF-A60E-089BBD63FECA}.Release|x64.ActiveCfg = Release|Any CPU
		{F6E79345-485B-4ADF-A60E-089BBD63FECA}.Release|x64.Build.0 = Release|Any CPU
		{F6E79345-485B-4ADF-A60E-089BBD63FECA}.Release|x64.Deploy.0 = Release|Any CPU
		{F6E79345-485B-4ADF-A60E-089BBD63FECA}.Release|x86.ActiveCfg = Release|Any CPU
		{F6E79345-485B-4ADF-A60E-089BBD63FECA}.Release|x86.Build.0 = Release|Any CPU
		{F6E79345-485B-4ADF-A60E-089BBD63FECA}.Release|x86.Deploy.0 = Release|Any CPU
	EndGlobalSection
	GlobalSection(SolutionProperties) = preSolution
		HideSolutionNode = FALSE
	EndGlobalSection
	GlobalSection(ExtensibilityGlobals) = postSolution
		SolutionGuid = {012CA516-65C7-42EF-8CA9-3658AD76B15B}
	EndGlobalSection
EndGlobal
